
Microsoft Visual Studio Solution File, Format Version 12.00
# Visual Studio 15
VisualStudioVersion = 15.0.26124.0
MinimumVisualStudioVersion = 15.0.26124.0
Project("{FAE04EC0-301F-11D3-BF4B-00C04F79EFBC}") = "Domain", "Domain\Domain.csproj", "{E9002DD0-A16A-460B-B1F7-86468AF173E9}"
EndProject
Project("{FAE04EC0-301F-11D3-BF4B-00C04F79EFBC}") = "Application", "Application\Application.csproj", "{BC3F1339-DEDA-4887-AF1B-D001AD2C6BC3}"
EndProject
Project("{FAE04EC0-301F-11D3-BF4B-00C04F79EFBC}") = "Persistence", "Persistence\Persistence.csproj", "{E8306B2E-70FD-47AB-8FE0-ADACE74BAF3A}"
EndProject
Project("{FAE04EC0-301F-11D3-BF4B-00C04F79EFBC}") = "API", "API\API.csproj", "{73FEF6F4-60CE-4541-B373-88C04C7BBFD7}"
EndProject
Global
	GlobalSection(SolutionConfigurationPlatforms) = preSolution
		Debug|Any CPU = Debug|Any CPU
		Debug|x64 = Debug|x64
		Debug|x86 = Debug|x86
		Release|Any CPU = Release|Any CPU
		Release|x64 = Release|x64
		Release|x86 = Release|x86
	EndGlobalSection
	GlobalSection(SolutionProperties) = preSolution
		HideSolutionNode = FALSE
	EndGlobalSection
	GlobalSection(ProjectConfigurationPlatforms) = postSolution
		{E9002DD0-A16A-460B-B1F7-86468AF173E9}.Debug|Any CPU.ActiveCfg = Debug|Any CPU
		{E9002DD0-A16A-460B-B1F7-86468AF173E9}.Debug|Any CPU.Build.0 = Debug|Any CPU
		{E9002DD0-A16A-460B-B1F7-86468AF173E9}.Debug|x64.ActiveCfg = Debug|Any CPU
		{E9002DD0-A16A-460B-B1F7-86468AF173E9}.Debug|x64.Build.0 = Debug|Any CPU
		{E9002DD0-A16A-460B-B1F7-86468AF173E9}.Debug|x86.ActiveCfg = Debug|Any CPU
		{E9002DD0-A16A-460B-B1F7-86468AF173E9}.Debug|x86.Build.0 = Debug|Any CPU
		{E9002DD0-A16A-460B-B1F7-86468AF173E9}.Release|Any CPU.ActiveCfg = Release|Any CPU
		{E9002DD0-A16A-460B-B1F7-86468AF173E9}.Release|Any CPU.Build.0 = Release|Any CPU
		{E9002DD0-A16A-460B-B1F7-86468AF173E9}.Release|x64.ActiveCfg = Release|Any CPU
		{E9002DD0-A16A-460B-B1F7-86468AF173E9}.Release|x64.Build.0 = Release|Any CPU
		{E9002DD0-A16A-460B-B1F7-86468AF173E9}.Release|x86.ActiveCfg = Release|Any CPU
		{E9002DD0-A16A-460B-B1F7-86468AF173E9}.Release|x86.Build.0 = Release|Any CPU
		{BC3F1339-DEDA-4887-AF1B-D001AD2C6BC3}.Debug|Any CPU.ActiveCfg = Debug|Any CPU
		{BC3F1339-DEDA-4887-AF1B-D001AD2C6BC3}.Debug|Any CPU.Build.0 = Debug|Any CPU
		{BC3F1339-DEDA-4887-AF1B-D001AD2C6BC3}.Debug|x64.ActiveCfg = Debug|Any CPU
		{BC3F1339-DEDA-4887-AF1B-D001AD2C6BC3}.Debug|x64.Build.0 = Debug|Any CPU
		{BC3F1339-DEDA-4887-AF1B-D001AD2C6BC3}.Debug|x86.ActiveCfg = Debug|Any CPU
		{BC3F1339-DEDA-4887-AF1B-D001AD2C6BC3}.Debug|x86.Build.0 = Debug|Any CPU
		{BC3F1339-DEDA-4887-AF1B-D001AD2C6BC3}.Release|Any CPU.ActiveCfg = Release|Any CPU
		{BC3F1339-DEDA-4887-AF1B-D001AD2C6BC3}.Release|Any CPU.Build.0 = Release|Any CPU
		{BC3F1339-DEDA-4887-AF1B-D001AD2C6BC3}.Release|x64.ActiveCfg = Release|Any CPU
		{BC3F1339-DEDA-4887-AF1B-D001AD2C6BC3}.Release|x64.Build.0 = Release|Any CPU
		{BC3F1339-DEDA-4887-AF1B-D001AD2C6BC3}.Release|x86.ActiveCfg = Release|Any CPU
		{BC3F1339-DEDA-4887-AF1B-D001AD2C6BC3}.Release|x86.Build.0 = Release|Any CPU
		{E8306B2E-70FD-47AB-8FE0-ADACE74BAF3A}.Debug|Any CPU.ActiveCfg = Debug|Any CPU
		{E8306B2E-70FD-47AB-8FE0-ADACE74BAF3A}.Debug|Any CPU.Build.0 = Debug|Any CPU
		{E8306B2E-70FD-47AB-8FE0-ADACE74BAF3A}.Debug|x64.ActiveCfg = Debug|Any CPU
		{E8306B2E-70FD-47AB-8FE0-ADACE74BAF3A}.Debug|x64.Build.0 = Debug|Any CPU
		{E8306B2E-70FD-47AB-8FE0-ADACE74BAF3A}.Debug|x86.ActiveCfg = Debug|Any CPU
		{E8306B2E-70FD-47AB-8FE0-ADACE74BAF3A}.Debug|x86.Build.0 = Debug|Any CPU
		{E8306B2E-70FD-47AB-8FE0-ADACE74BAF3A}.Release|Any CPU.ActiveCfg = Release|Any CPU
		{E8306B2E-70FD-47AB-8FE0-ADACE74BAF3A}.Release|Any CPU.Build.0 = Release|Any CPU
		{E8306B2E-70FD-47AB-8FE0-ADACE74BAF3A}.Release|x64.ActiveCfg = Release|Any CPU
		{E8306B2E-70FD-47AB-8FE0-ADACE74BAF3A}.Release|x64.Build.0 = Release|Any CPU
		{E8306B2E-70FD-47AB-8FE0-ADACE74BAF3A}.Release|x86.ActiveCfg = Release|Any CPU
		{E8306B2E-70FD-47AB-8FE0-ADACE74BAF3A}.Release|x86.Build.0 = Release|Any CPU
		{73FEF6F4-60CE-4541-B373-88C04C7BBFD7}.Debug|Any CPU.ActiveCfg = Debug|Any CPU
		{73FEF6F4-60CE-4541-B373-88C04C7BBFD7}.Debug|Any CPU.Build.0 = Debug|Any CPU
		{73FEF6F4-60CE-4541-B373-88C04C7BBFD7}.Debug|x64.ActiveCfg = Debug|Any CPU
		{73FEF6F4-60CE-4541-B373-88C04C7BBFD7}.Debug|x64.Build.0 = Debug|Any CPU
		{73FEF6F4-60CE-4541-B373-88C04C7BBFD7}.Debug|x86.ActiveCfg = Debug|Any CPU
		{73FEF6F4-60CE-4541-B373-88C04C7BBFD7}.Debug|x86.Build.0 = Debug|Any CPU
		{73FEF6F4-60CE-4541-B373-88C04C7BBFD7}.Release|Any CPU.ActiveCfg = Release|Any CPU
		{73FEF6F4-60CE-4541-B373-88C04C7BBFD7}.Release|Any CPU.Build.0 = Release|Any CPU
		{73FEF6F4-60CE-4541-B373-88C04C7BBFD7}.Release|x64.ActiveCfg = Release|Any CPU
		{73FEF6F4-60CE-4541-B373-88C04C7BBFD7}.Release|x64.Build.0 = Release|Any CPU
		{73FEF6F4-60CE-4541-B373-88C04C7BBFD7}.Release|x86.ActiveCfg = Release|Any CPU
		{73FEF6F4-60CE-4541-B373-88C04C7BBFD7}.Release|x86.Build.0 = Release|Any CPU
	EndGlobalSection
EndGlobal
